
Microsoft Visual Studio Solution File, Format Version 11.00
# Visual Studio 2010
Project("{8BC9CEB8-8B4A-11D0-8D11-00A0C91BC942}") = "ShiningForcePC", "ShiningForcePC.vcxproj", "{3461CFCC-C9A6-4D22-B54A-E3301DC7FD24}"
EndProject
Global
	GlobalSection(SolutionConfigurationPlatforms) = preSolution
		Debug|Win32 = Debug|Win32
		Release|Win32 = Release|Win32
	EndGlobalSection
	GlobalSection(ProjectConfigurationPlatforms) = postSolution
		{3461CFCC-C9A6-4D22-B54A-E3301DC7FD24}.Debug|Win32.ActiveCfg = Debug|Win32
		{3461CFCC-C9A6-4D22-B54A-E3301DC7FD24}.Debug|Win32.Build.0 = Debug|Win32
		{3461CFCC-C9A6-4D22-B54A-E3301DC7FD24}.Release|Win32.ActiveCfg = Release|Win32
		{3461CFCC-C9A6-4D22-B54A-E3301DC7FD24}.Release|Win32.Build.0 = Release|Win32
	EndGlobalSection
	GlobalSection(SolutionProperties) = preSolution
		HideSolutionNode = FALSE
	EndGlobalSection
EndGlobal
